// !$*UTF8*$!
{
	archiveVersion = 1;
	classes = {
	};
	objectVersion = 52;
	objects = {

/* Begin PBXBuildFile section */
		ED963271241E28BC003AF2D4 /* ChatMessage.swift in Sources */ = {isa = PBXBuildFile; fileRef = ED963270241E28BC003AF2D4 /* ChatMessage.swift */; };
		ED963278241E35FB003AF2D4 /* Resolver in Frameworks */ = {isa = PBXBuildFile; productRef = ED963277241E35FB003AF2D4 /* Resolver */; };
		ED96327C241E3893003AF2D4 /* SignalRHubConnectionBuilder.swift in Sources */ = {isa = PBXBuildFile; fileRef = ED96327B241E3893003AF2D4 /* SignalRHubConnectionBuilder.swift */; };
		ED96327E241E5410003AF2D4 /* SignalRHubConnectionBuilderProtocol.swift in Sources */ = {isa = PBXBuildFile; fileRef = ED96327D241E5410003AF2D4 /* SignalRHubConnectionBuilderProtocol.swift */; };
		ED963280241E574B003AF2D4 /* AppDelegate+Injection.swift in Sources */ = {isa = PBXBuildFile; fileRef = ED96327F241E574B003AF2D4 /* AppDelegate+Injection.swift */; };
		ED963282241E825F003AF2D4 /* SignalRMessage.swift in Sources */ = {isa = PBXBuildFile; fileRef = ED963281241E825F003AF2D4 /* SignalRMessage.swift */; };
		EDBEC10E241D7A23001D9263 /* AppDelegate.swift in Sources */ = {isa = PBXBuildFile; fileRef = EDBEC10D241D7A23001D9263 /* AppDelegate.swift */; };
		EDBEC115241D7A23001D9263 /* Chat.storyboard in Resources */ = {isa = PBXBuildFile; fileRef = EDBEC113241D7A23001D9263 /* Chat.storyboard */; };
		EDBEC117241D7A25001D9263 /* Assets.xcassets in Resources */ = {isa = PBXBuildFile; fileRef = EDBEC116241D7A25001D9263 /* Assets.xcassets */; };
		EDBEC11A241D7A25001D9263 /* LaunchScreen.storyboard in Resources */ = {isa = PBXBuildFile; fileRef = EDBEC118241D7A25001D9263 /* LaunchScreen.storyboard */; };
		EDBEC125241D7A25001D9263 /* signalrClientTests.swift in Sources */ = {isa = PBXBuildFile; fileRef = EDBEC124241D7A25001D9263 /* signalrClientTests.swift */; };
		EDBEC130241D7A25001D9263 /* signalrClientUITests.swift in Sources */ = {isa = PBXBuildFile; fileRef = EDBEC12F241D7A25001D9263 /* signalrClientUITests.swift */; };
		EDBEC13E241D840A001D9263 /* ChatViewController.swift in Sources */ = {isa = PBXBuildFile; fileRef = EDBEC13D241D840A001D9263 /* ChatViewController.swift */; };
/* End PBXBuildFile section */

/* Begin PBXContainerItemProxy section */
		EDBEC121241D7A25001D9263 /* PBXContainerItemProxy */ = {
			isa = PBXContainerItemProxy;
			containerPortal = EDBEC102241D7A23001D9263 /* Project object */;
			proxyType = 1;
			remoteGlobalIDString = EDBEC109241D7A23001D9263;
			remoteInfo = signalr;
		};
		EDBEC12C241D7A25001D9263 /* PBXContainerItemProxy */ = {
			isa = PBXContainerItemProxy;
			containerPortal = EDBEC102241D7A23001D9263 /* Project object */;
			proxyType = 1;
			remoteGlobalIDString = EDBEC109241D7A23001D9263;
			remoteInfo = signalr;
		};
/* End PBXContainerItemProxy section */

/* Begin PBXFileReference section */
		ED963270241E28BC003AF2D4 /* ChatMessage.swift */ = {isa = PBXFileReference; lastKnownFileType = sourcecode.swift; path = ChatMessage.swift; sourceTree = "<group>"; };
		ED963272241E355F003AF2D4 /* README.md */ = {isa = PBXFileReference; fileEncoding = 4; lastKnownFileType = net.daringfireball.markdown; path = README.md; sourceTree = "<group>"; };
		ED963274241E3599003AF2D4 /* .gitignore */ = {isa = PBXFileReference; fileEncoding = 4; lastKnownFileType = text; path = .gitignore; sourceTree = "<group>"; };
		ED96327B241E3893003AF2D4 /* SignalRHubConnectionBuilder.swift */ = {isa = PBXFileReference; lastKnownFileType = sourcecode.swift; path = SignalRHubConnectionBuilder.swift; sourceTree = "<group>"; };
		ED96327D241E5410003AF2D4 /* SignalRHubConnectionBuilderProtocol.swift */ = {isa = PBXFileReference; lastKnownFileType = sourcecode.swift; path = SignalRHubConnectionBuilderProtocol.swift; sourceTree = "<group>"; };
		ED96327F241E574B003AF2D4 /* AppDelegate+Injection.swift */ = {isa = PBXFileReference; lastKnownFileType = sourcecode.swift; path = "AppDelegate+Injection.swift"; sourceTree = "<group>"; };
		ED963281241E825F003AF2D4 /* SignalRMessage.swift */ = {isa = PBXFileReference; lastKnownFileType = sourcecode.swift; path = SignalRMessage.swift; sourceTree = "<group>"; };
		EDBEC10A241D7A23001D9263 /* SignalRClient.app */ = {isa = PBXFileReference; explicitFileType = wrapper.application; includeInIndex = 0; path = SignalRClient.app; sourceTree = BUILT_PRODUCTS_DIR; };
		EDBEC10D241D7A23001D9263 /* AppDelegate.swift */ = {isa = PBXFileReference; lastKnownFileType = sourcecode.swift; path = AppDelegate.swift; sourceTree = "<group>"; };
		EDBEC114241D7A23001D9263 /* Base */ = {isa = PBXFileReference; lastKnownFileType = file.storyboard; name = Base; path = Base.lproj/Chat.storyboard; sourceTree = "<group>"; };
		EDBEC116241D7A25001D9263 /* Assets.xcassets */ = {isa = PBXFileReference; lastKnownFileType = folder.assetcatalog; path = Assets.xcassets; sourceTree = "<group>"; };
		EDBEC119241D7A25001D9263 /* Base */ = {isa = PBXFileReference; lastKnownFileType = file.storyboard; name = Base; path = Base.lproj/LaunchScreen.storyboard; sourceTree = "<group>"; };
		EDBEC11B241D7A25001D9263 /* Info.plist */ = {isa = PBXFileReference; lastKnownFileType = text.plist.xml; path = Info.plist; sourceTree = "<group>"; };
		EDBEC120241D7A25001D9263 /* SignalRClientTests.xctest */ = {isa = PBXFileReference; explicitFileType = wrapper.cfbundle; includeInIndex = 0; path = SignalRClientTests.xctest; sourceTree = BUILT_PRODUCTS_DIR; };
		EDBEC124241D7A25001D9263 /* signalrClientTests.swift */ = {isa = PBXFileReference; lastKnownFileType = sourcecode.swift; path = signalrClientTests.swift; sourceTree = "<group>"; };
		EDBEC126241D7A25001D9263 /* Info.plist */ = {isa = PBXFileReference; lastKnownFileType = text.plist.xml; path = Info.plist; sourceTree = "<group>"; };
		EDBEC12B241D7A25001D9263 /* SignalRClientUITests.xctest */ = {isa = PBXFileReference; explicitFileType = wrapper.cfbundle; includeInIndex = 0; path = SignalRClientUITests.xctest; sourceTree = BUILT_PRODUCTS_DIR; };
		EDBEC12F241D7A25001D9263 /* signalrClientUITests.swift */ = {isa = PBXFileReference; lastKnownFileType = sourcecode.swift; path = signalrClientUITests.swift; sourceTree = "<group>"; };
		EDBEC131241D7A25001D9263 /* Info.plist */ = {isa = PBXFileReference; lastKnownFileType = text.plist.xml; path = Info.plist; sourceTree = "<group>"; };
		EDBEC13D241D840A001D9263 /* ChatViewController.swift */ = {isa = PBXFileReference; lastKnownFileType = sourcecode.swift; path = ChatViewController.swift; sourceTree = "<group>"; };
/* End PBXFileReference section */

/* Begin PBXFrameworksBuildPhase section */
		EDBEC107241D7A23001D9263 /* Frameworks */ = {
			isa = PBXFrameworksBuildPhase;
			buildActionMask = 2147483647;
			files = (
				ED963278241E35FB003AF2D4 /* Resolver in Frameworks */,
			);
			runOnlyForDeploymentPostprocessing = 0;
		};
		EDBEC11D241D7A25001D9263 /* Frameworks */ = {
			isa = PBXFrameworksBuildPhase;
			buildActionMask = 2147483647;
			files = (
			);
			runOnlyForDeploymentPostprocessing = 0;
		};
		EDBEC128241D7A25001D9263 /* Frameworks */ = {
			isa = PBXFrameworksBuildPhase;
			buildActionMask = 2147483647;
			files = (
			);
			runOnlyForDeploymentPostprocessing = 0;
		};
/* End PBXFrameworksBuildPhase section */

/* Begin PBXGroup section */
		ED963279241E383E003AF2D4 /* Model */ = {
			isa = PBXGroup;
			children = (
				ED963270241E28BC003AF2D4 /* ChatMessage.swift */,
				ED963281241E825F003AF2D4 /* SignalRMessage.swift */,
			);
			path = Model;
			sourceTree = "<group>";
		};
		ED96327A241E3860003AF2D4 /* Services */ = {
			isa = PBXGroup;
			children = (
				ED96327B241E3893003AF2D4 /* SignalRHubConnectionBuilder.swift */,
				ED96327D241E5410003AF2D4 /* SignalRHubConnectionBuilderProtocol.swift */,
			);
			path = Services;
			sourceTree = "<group>";
		};
		EDBEC101241D7A23001D9263 = {
			isa = PBXGroup;
			children = (
				EDBEC10C241D7A23001D9263 /* SignalRClient */,
				EDBEC123241D7A25001D9263 /* SignalRClientTests */,
				EDBEC12E241D7A25001D9263 /* SignalRClientUITests */,
				EDBEC10B241D7A23001D9263 /* Products */,
				ED963272241E355F003AF2D4 /* README.md */,
				ED963274241E3599003AF2D4 /* .gitignore */,
			);
			sourceTree = "<group>";
		};
		EDBEC10B241D7A23001D9263 /* Products */ = {
			isa = PBXGroup;
			children = (
				EDBEC10A241D7A23001D9263 /* SignalRClient.app */,
				EDBEC120241D7A25001D9263 /* SignalRClientTests.xctest */,
				EDBEC12B241D7A25001D9263 /* SignalRClientUITests.xctest */,
			);
			name = Products;
			sourceTree = "<group>";
		};
		EDBEC10C241D7A23001D9263 /* SignalRClient */ = {
			isa = PBXGroup;
			children = (
				EDBEC10D241D7A23001D9263 /* AppDelegate.swift */,
				ED96327F241E574B003AF2D4 /* AppDelegate+Injection.swift */,
				EDBEC13D241D840A001D9263 /* ChatViewController.swift */,
				ED96327A241E3860003AF2D4 /* Services */,
				ED963279241E383E003AF2D4 /* Model */,
				EDBEC113241D7A23001D9263 /* Chat.storyboard */,
				EDBEC116241D7A25001D9263 /* Assets.xcassets */,
				EDBEC118241D7A25001D9263 /* LaunchScreen.storyboard */,
				EDBEC11B241D7A25001D9263 /* Info.plist */,
			);
			path = SignalRClient;
			sourceTree = "<group>";
		};
		EDBEC123241D7A25001D9263 /* SignalRClientTests */ = {
			isa = PBXGroup;
			children = (
				EDBEC124241D7A25001D9263 /* signalrClientTests.swift */,
				EDBEC126241D7A25001D9263 /* Info.plist */,
			);
			path = SignalRClientTests;
			sourceTree = "<group>";
		};
		EDBEC12E241D7A25001D9263 /* SignalRClientUITests */ = {
			isa = PBXGroup;
			children = (
				EDBEC12F241D7A25001D9263 /* signalrClientUITests.swift */,
				EDBEC131241D7A25001D9263 /* Info.plist */,
			);
			path = SignalRClientUITests;
			sourceTree = "<group>";
		};
/* End PBXGroup section */

/* Begin PBXNativeTarget section */
		EDBEC109241D7A23001D9263 /* SignalRClient */ = {
			isa = PBXNativeTarget;
			buildConfigurationList = EDBEC134241D7A25001D9263 /* Build configuration list for PBXNativeTarget "SignalRClient" */;
			buildPhases = (
				EDBEC106241D7A23001D9263 /* Sources */,
				EDBEC107241D7A23001D9263 /* Frameworks */,
				EDBEC108241D7A23001D9263 /* Resources */,
			);
			buildRules = (
			);
			dependencies = (
			);
			name = SignalRClient;
			packageProductDependencies = (
				ED963277241E35FB003AF2D4 /* Resolver */,
			);
			productName = signalr;
			productReference = EDBEC10A241D7A23001D9263 /* SignalRClient.app */;
			productType = "com.apple.product-type.application";
		};
		EDBEC11F241D7A25001D9263 /* SignalRClientTests */ = {
			isa = PBXNativeTarget;
			buildConfigurationList = EDBEC137241D7A25001D9263 /* Build configuration list for PBXNativeTarget "SignalRClientTests" */;
			buildPhases = (
				EDBEC11C241D7A25001D9263 /* Sources */,
				EDBEC11D241D7A25001D9263 /* Frameworks */,
				EDBEC11E241D7A25001D9263 /* Resources */,
			);
			buildRules = (
			);
			dependencies = (
				EDBEC122241D7A25001D9263 /* PBXTargetDependency */,
			);
			name = SignalRClientTests;
			productName = signalrTests;
			productReference = EDBEC120241D7A25001D9263 /* SignalRClientTests.xctest */;
			productType = "com.apple.product-type.bundle.unit-test";
		};
		EDBEC12A241D7A25001D9263 /* SignalRClientUITests */ = {
			isa = PBXNativeTarget;
			buildConfigurationList = EDBEC13A241D7A25001D9263 /* Build configuration list for PBXNativeTarget "SignalRClientUITests" */;
			buildPhases = (
				EDBEC127241D7A25001D9263 /* Sources */,
				EDBEC128241D7A25001D9263 /* Frameworks */,
				EDBEC129241D7A25001D9263 /* Resources */,
			);
			buildRules = (
			);
			dependencies = (
				EDBEC12D241D7A25001D9263 /* PBXTargetDependency */,
			);
			name = SignalRClientUITests;
			productName = signalrUITests;
			productReference = EDBEC12B241D7A25001D9263 /* SignalRClientUITests.xctest */;
			productType = "com.apple.product-type.bundle.ui-testing";
		};
/* End PBXNativeTarget section */

/* Begin PBXProject section */
		EDBEC102241D7A23001D9263 /* Project object */ = {
			isa = PBXProject;
			attributes = {
				LastSwiftUpdateCheck = 1120;
				LastUpgradeCheck = 1120;
				ORGANIZATIONNAME = "Thomas A. Smedmann";
				TargetAttributes = {
					EDBEC109241D7A23001D9263 = {
						CreatedOnToolsVersion = 11.2.1;
					};
					EDBEC11F241D7A25001D9263 = {
						CreatedOnToolsVersion = 11.2.1;
						TestTargetID = EDBEC109241D7A23001D9263;
					};
					EDBEC12A241D7A25001D9263 = {
						CreatedOnToolsVersion = 11.2.1;
						TestTargetID = EDBEC109241D7A23001D9263;
					};
				};
			};
			buildConfigurationList = EDBEC105241D7A23001D9263 /* Build configuration list for PBXProject "SignalRClient" */;
			compatibilityVersion = "Xcode 9.3";
			developmentRegion = en;
			hasScannedForEncodings = 0;
			knownRegions = (
				en,
				Base,
			);
			mainGroup = EDBEC101241D7A23001D9263;
			packageReferences = (
				ED963276241E35FB003AF2D4 /* XCRemoteSwiftPackageReference "Resolver" */,
			);
			productRefGroup = EDBEC10B241D7A23001D9263 /* Products */;
			projectDirPath = "";
			projectRoot = "";
			targets = (
				EDBEC109241D7A23001D9263 /* SignalRClient */,
				EDBEC11F241D7A25001D9263 /* SignalRClientTests */,
				EDBEC12A241D7A25001D9263 /* SignalRClientUITests */,
			);
		};
/* End PBXProject section */

/* Begin PBXResourcesBuildPhase section */
		EDBEC108241D7A23001D9263 /* Resources */ = {
			isa = PBXResourcesBuildPhase;
			buildActionMask = 2147483647;
			files = (
				EDBEC11A241D7A25001D9263 /* LaunchScreen.storyboard in Resources */,
				EDBEC117241D7A25001D9263 /* Assets.xcassets in Resources */,
				EDBEC115241D7A23001D9263 /* Chat.storyboard in Resources */,
			);
			runOnlyForDeploymentPostprocessing = 0;
		};
		EDBEC11E241D7A25001D9263 /* Resources */ = {
			isa = PBXResourcesBuildPhase;
			buildActionMask = 2147483647;
			files = (
			);
			runOnlyForDeploymentPostprocessing = 0;
		};
		EDBEC129241D7A25001D9263 /* Resources */ = {
			isa = PBXResourcesBuildPhase;
			buildActionMask = 2147483647;
			files = (
			);
			runOnlyForDeploymentPostprocessing = 0;
		};
/* End PBXResourcesBuildPhase section */

/* Begin PBXSourcesBuildPhase section */
		EDBEC106241D7A23001D9263 /* Sources */ = {
			isa = PBXSourcesBuildPhase;
			buildActionMask = 2147483647;
			files = (
				ED963280241E574B003AF2D4 /* AppDelegate+Injection.swift in Sources */,
				EDBEC10E241D7A23001D9263 /* AppDelegate.swift in Sources */,
				ED96327E241E5410003AF2D4 /* SignalRHubConnectionBuilderProtocol.swift in Sources */,
				ED96327C241E3893003AF2D4 /* SignalRHubConnectionBuilder.swift in Sources */,
				EDBEC13E241D840A001D9263 /* ChatViewController.swift in Sources */,
				ED963282241E825F003AF2D4 /* SignalRMessage.swift in Sources */,
				ED963271241E28BC003AF2D4 /* ChatMessage.swift in Sources */,
			);
			runOnlyForDeploymentPostprocessing = 0;
		};
		EDBEC11C241D7A25001D9263 /* Sources */ = {
			isa = PBXSourcesBuildPhase;
			buildActionMask = 2147483647;
			files = (
				EDBEC125241D7A25001D9263 /* signalrClientTests.swift in Sources */,
			);
			runOnlyForDeploymentPostprocessing = 0;
		};
		EDBEC127241D7A25001D9263 /* Sources */ = {
			isa = PBXSourcesBuildPhase;
			buildActionMask = 2147483647;
			files = (
				EDBEC130241D7A25001D9263 /* signalrClientUITests.swift in Sources */,
			);
			runOnlyForDeploymentPostprocessing = 0;
		};
/* End PBXSourcesBuildPhase section */

/* Begin PBXTargetDependency section */
		EDBEC122241D7A25001D9263 /* PBXTargetDependency */ = {
			isa = PBXTargetDependency;
			target = EDBEC109241D7A23001D9263 /* SignalRClient */;
			targetProxy = EDBEC121241D7A25001D9263 /* PBXContainerItemProxy */;
		};
		EDBEC12D241D7A25001D9263 /* PBXTargetDependency */ = {
			isa = PBXTargetDependency;
			target = EDBEC109241D7A23001D9263 /* SignalRClient */;
			targetProxy = EDBEC12C241D7A25001D9263 /* PBXContainerItemProxy */;
		};
/* End PBXTargetDependency section */

/* Begin PBXVariantGroup section */
		EDBEC113241D7A23001D9263 /* Chat.storyboard */ = {
			isa = PBXVariantGroup;
			children = (
				EDBEC114241D7A23001D9263 /* Base */,
			);
			name = Chat.storyboard;
			sourceTree = "<group>";
		};
		EDBEC118241D7A25001D9263 /* LaunchScreen.storyboard */ = {
			isa = PBXVariantGroup;
			children = (
				EDBEC119241D7A25001D9263 /* Base */,
			);
			name = LaunchScreen.storyboard;
			sourceTree = "<group>";
		};
/* End PBXVariantGroup section */

/* Begin XCBuildConfiguration section */
		EDBEC132241D7A25001D9263 /* Debug */ = {
			isa = XCBuildConfiguration;
			buildSettings = {
				ALWAYS_SEARCH_USER_PATHS = NO;
				CLANG_ANALYZER_NONNULL = YES;
				CLANG_ANALYZER_NUMBER_OBJECT_CONVERSION = YES_AGGRESSIVE;
				CLANG_CXX_LANGUAGE_STANDARD = "gnu++14";
				CLANG_CXX_LIBRARY = "libc++";
				CLANG_ENABLE_MODULES = YES;
				CLANG_ENABLE_OBJC_ARC = YES;
				CLANG_ENABLE_OBJC_WEAK = YES;
				CLANG_WARN_BLOCK_CAPTURE_AUTORELEASING = YES;
				CLANG_WARN_BOOL_CONVERSION = YES;
				CLANG_WARN_COMMA = YES;
				CLANG_WARN_CONSTANT_CONVERSION = YES;
				CLANG_WARN_DEPRECATED_OBJC_IMPLEMENTATIONS = YES;
				CLANG_WARN_DIRECT_OBJC_ISA_USAGE = YES_ERROR;
				CLANG_WARN_DOCUMENTATION_COMMENTS = YES;
				CLANG_WARN_EMPTY_BODY = YES;
				CLANG_WARN_ENUM_CONVERSION = YES;
				CLANG_WARN_INFINITE_RECURSION = YES;
				CLANG_WARN_INT_CONVERSION = YES;
				CLANG_WARN_NON_LITERAL_NULL_CONVERSION = YES;
				CLANG_WARN_OBJC_IMPLICIT_RETAIN_SELF = YES;
				CLANG_WARN_OBJC_LITERAL_CONVERSION = YES;
				CLANG_WARN_OBJC_ROOT_CLASS = YES_ERROR;
				CLANG_WARN_RANGE_LOOP_ANALYSIS = YES;
				CLANG_WARN_STRICT_PROTOTYPES = YES;
				CLANG_WARN_SUSPICIOUS_MOVE = YES;
				CLANG_WARN_UNGUARDED_AVAILABILITY = YES_AGGRESSIVE;
				CLANG_WARN_UNREACHABLE_CODE = YES;
				CLANG_WARN__DUPLICATE_METHOD_MATCH = YES;
				COPY_PHASE_STRIP = NO;
				DEBUG_INFORMATION_FORMAT = dwarf;
				ENABLE_STRICT_OBJC_MSGSEND = YES;
				ENABLE_TESTABILITY = YES;
				GCC_C_LANGUAGE_STANDARD = gnu11;
				GCC_DYNAMIC_NO_PIC = NO;
				GCC_NO_COMMON_BLOCKS = YES;
				GCC_OPTIMIZATION_LEVEL = 0;
				GCC_PREPROCESSOR_DEFINITIONS = (
					"DEBUG=1",
					"$(inherited)",
				);
				GCC_WARN_64_TO_32_BIT_CONVERSION = YES;
				GCC_WARN_ABOUT_RETURN_TYPE = YES_ERROR;
				GCC_WARN_UNDECLARED_SELECTOR = YES;
				GCC_WARN_UNINITIALIZED_AUTOS = YES_AGGRESSIVE;
				GCC_WARN_UNUSED_FUNCTION = YES;
				GCC_WARN_UNUSED_VARIABLE = YES;
				IPHONEOS_DEPLOYMENT_TARGET = 13.2;
				MTL_ENABLE_DEBUG_INFO = INCLUDE_SOURCE;
				MTL_FAST_MATH = YES;
				ONLY_ACTIVE_ARCH = YES;
				SDKROOT = iphoneos;
				SWIFT_ACTIVE_COMPILATION_CONDITIONS = DEBUG;
				SWIFT_OPTIMIZATION_LEVEL = "-Onone";
			};
			name = Debug;
		};
		EDBEC133241D7A25001D9263 /* Release */ = {
			isa = XCBuildConfiguration;
			buildSettings = {
				ALWAYS_SEARCH_USER_PATHS = NO;
				CLANG_ANALYZER_NONNULL = YES;
				CLANG_ANALYZER_NUMBER_OBJECT_CONVERSION = YES_AGGRESSIVE;
				CLANG_CXX_LANGUAGE_STANDARD = "gnu++14";
				CLANG_CXX_LIBRARY = "libc++";
				CLANG_ENABLE_MODULES = YES;
				CLANG_ENABLE_OBJC_ARC = YES;
				CLANG_ENABLE_OBJC_WEAK = YES;
				CLANG_WARN_BLOCK_CAPTURE_AUTORELEASING = YES;
				CLANG_WARN_BOOL_CONVERSION = YES;
				CLANG_WARN_COMMA = YES;
				CLANG_WARN_CONSTANT_CONVERSION = YES;
				CLANG_WARN_DEPRECATED_OBJC_IMPLEMENTATIONS = YES;
				CLANG_WARN_DIRECT_OBJC_ISA_USAGE = YES_ERROR;
				CLANG_WARN_DOCUMENTATION_COMMENTS = YES;
				CLANG_WARN_EMPTY_BODY = YES;
				CLANG_WARN_ENUM_CONVERSION = YES;
				CLANG_WARN_INFINITE_RECURSION = YES;
				CLANG_WARN_INT_CONVERSION = YES;
				CLANG_WARN_NON_LITERAL_NULL_CONVERSION = YES;
				CLANG_WARN_OBJC_IMPLICIT_RETAIN_SELF = YES;
				CLANG_WARN_OBJC_LITERAL_CONVERSION = YES;
				CLANG_WARN_OBJC_ROOT_CLASS = YES_ERROR;
				CLANG_WARN_RANGE_LOOP_ANALYSIS = YES;
				CLANG_WARN_STRICT_PROTOTYPES = YES;
				CLANG_WARN_SUSPICIOUS_MOVE = YES;
				CLANG_WARN_UNGUARDED_AVAILABILITY = YES_AGGRESSIVE;
				CLANG_WARN_UNREACHABLE_CODE = YES;
				CLANG_WARN__DUPLICATE_METHOD_MATCH = YES;
				COPY_PHASE_STRIP = NO;
				DEBUG_INFORMATION_FORMAT = "dwarf-with-dsym";
				ENABLE_NS_ASSERTIONS = NO;
				ENABLE_STRICT_OBJC_MSGSEND = YES;
				GCC_C_LANGUAGE_STANDARD = gnu11;
				GCC_NO_COMMON_BLOCKS = YES;
				GCC_WARN_64_TO_32_BIT_CONVERSION = YES;
				GCC_WARN_ABOUT_RETURN_TYPE = YES_ERROR;
				GCC_WARN_UNDECLARED_SELECTOR = YES;
				GCC_WARN_UNINITIALIZED_AUTOS = YES_AGGRESSIVE;
				GCC_WARN_UNUSED_FUNCTION = YES;
				GCC_WARN_UNUSED_VARIABLE = YES;
				IPHONEOS_DEPLOYMENT_TARGET = 13.2;
				MTL_ENABLE_DEBUG_INFO = NO;
				MTL_FAST_MATH = YES;
				SDKROOT = iphoneos;
				SWIFT_COMPILATION_MODE = wholemodule;
				SWIFT_OPTIMIZATION_LEVEL = "-O";
				VALIDATE_PRODUCT = YES;
			};
			name = Release;
		};
		EDBEC135241D7A25001D9263 /* Debug */ = {
			isa = XCBuildConfiguration;
			buildSettings = {
				ASSETCATALOG_COMPILER_APPICON_NAME = AppIcon;
				CODE_SIGN_STYLE = Automatic;
				DEVELOPMENT_TEAM = 55ATZ58U6M;
				INFOPLIST_FILE = SignalRClient/Info.plist;
				LD_RUNPATH_SEARCH_PATHS = (
					"$(inherited)",
					"@executable_path/Frameworks",
				);
				PRODUCT_BUNDLE_IDENTIFIER = com.thomsmed.signalr;
				PRODUCT_NAME = SignalRClient;
				SWIFT_VERSION = 5.0;
				TARGETED_DEVICE_FAMILY = "1,2";
			};
			name = Debug;
		};
		EDBEC136241D7A25001D9263 /* Release */ = {
			isa = XCBuildConfiguration;
			buildSettings = {
				ASSETCATALOG_COMPILER_APPICON_NAME = AppIcon;
				CODE_SIGN_STYLE = Automatic;
				DEVELOPMENT_TEAM = 55ATZ58U6M;
				INFOPLIST_FILE = SignalRClient/Info.plist;
				LD_RUNPATH_SEARCH_PATHS = (
					"$(inherited)",
					"@executable_path/Frameworks",
				);
				PRODUCT_BUNDLE_IDENTIFIER = com.thomsmed.signalr;
				PRODUCT_NAME = SignalRClient;
				SWIFT_VERSION = 5.0;
				TARGETED_DEVICE_FAMILY = "1,2";
			};
			name = Release;
		};
		EDBEC138241D7A25001D9263 /* Debug */ = {
			isa = XCBuildConfiguration;
			buildSettings = {
				ALWAYS_EMBED_SWIFT_STANDARD_LIBRARIES = YES;
				BUNDLE_LOADER = "$(TEST_HOST)";
				CODE_SIGN_STYLE = Automatic;
				DEVELOPMENT_TEAM = 55ATZ58U6M;
				INFOPLIST_FILE = SignalRClientTests/Info.plist;
				IPHONEOS_DEPLOYMENT_TARGET = 13.2;
				LD_RUNPATH_SEARCH_PATHS = (
					"$(inherited)",
					"@executable_path/Frameworks",
					"@loader_path/Frameworks",
				);
				PRODUCT_BUNDLE_IDENTIFIER = com.thomsmed.signalrTests;
				PRODUCT_NAME = "$(TARGET_NAME)";
				SWIFT_VERSION = 5.0;
				TARGETED_DEVICE_FAMILY = "1,2";
				TEST_HOST = "$(BUILT_PRODUCTS_DIR)/SignalRClient.app/SignalRClient";
			};
			name = Debug;
		};
		EDBEC139241D7A25001D9263 /* Release */ = {
			isa = XCBuildConfiguration;
			buildSettings = {
				ALWAYS_EMBED_SWIFT_STANDARD_LIBRARIES = YES;
				BUNDLE_LOADER = "$(TEST_HOST)";
				CODE_SIGN_STYLE = Automatic;
				DEVELOPMENT_TEAM = 55ATZ58U6M;
				INFOPLIST_FILE = SignalRClientTests/Info.plist;
				IPHONEOS_DEPLOYMENT_TARGET = 13.2;
				LD_RUNPATH_SEARCH_PATHS = (
					"$(inherited)",
					"@executable_path/Frameworks",
					"@loader_path/Frameworks",
				);
				PRODUCT_BUNDLE_IDENTIFIER = com.thomsmed.signalrTests;
				PRODUCT_NAME = "$(TARGET_NAME)";
				SWIFT_VERSION = 5.0;
				TARGETED_DEVICE_FAMILY = "1,2";
				TEST_HOST = "$(BUILT_PRODUCTS_DIR)/SignalRClient.app/SignalRClient";
			};
			name = Release;
		};
		EDBEC13B241D7A25001D9263 /* Debug */ = {
			isa = XCBuildConfiguration;
			buildSettings = {
				ALWAYS_EMBED_SWIFT_STANDARD_LIBRARIES = YES;
				CODE_SIGN_STYLE = Automatic;
				DEVELOPMENT_TEAM = 55ATZ58U6M;
				INFOPLIST_FILE = SignalRClientUITests/Info.plist;
				LD_RUNPATH_SEARCH_PATHS = (
					"$(inherited)",
					"@executable_path/Frameworks",
					"@loader_path/Frameworks",
				);
				PRODUCT_BUNDLE_IDENTIFIER = com.thomsmed.signalrUITests;
				PRODUCT_NAME = "$(TARGET_NAME)";
				PROVISIONING_PROFILE = "";
				SWIFT_VERSION = 5.0;
				TARGETED_DEVICE_FAMILY = "1,2";
				TEST_TARGET_NAME = SignalRClient;
			};
			name = Debug;
		};
		EDBEC13C241D7A25001D9263 /* Release */ = {
			isa = XCBuildConfiguration;
			buildSettings = {
				ALWAYS_EMBED_SWIFT_STANDARD_LIBRARIES = YES;
				CODE_SIGN_STYLE = Automatic;
				DEVELOPMENT_TEAM = 55ATZ58U6M;
				INFOPLIST_FILE = SignalRClientUITests/Info.plist;
				LD_RUNPATH_SEARCH_PATHS = (
					"$(inherited)",
					"@executable_path/Frameworks",
					"@loader_path/Frameworks",
				);
				PRODUCT_BUNDLE_IDENTIFIER = com.thomsmed.signalrUITests;
				PRODUCT_NAME = "$(TARGET_NAME)";
				PROVISIONING_PROFILE = "";
				SWIFT_VERSION = 5.0;
				TARGETED_DEVICE_FAMILY = "1,2";
				TEST_TARGET_NAME = SignalRClient;
			};
			name = Release;
		};
/* End XCBuildConfiguration section */

/* Begin XCConfigurationList section */
		EDBEC105241D7A23001D9263 /* Build configuration list for PBXProject "SignalRClient" */ = {
			isa = XCConfigurationList;
			buildConfigurations = (
				EDBEC132241D7A25001D9263 /* Debug */,
				EDBEC133241D7A25001D9263 /* Release */,
			);
			defaultConfigurationIsVisible = 0;
			defaultConfigurationName = Release;
		};
		EDBEC134241D7A25001D9263 /* Build configuration list for PBXNativeTarget "SignalRClient" */ = {
			isa = XCConfigurationList;
			buildConfigurations = (
				EDBEC135241D7A25001D9263 /* Debug */,
				EDBEC136241D7A25001D9263 /* Release */,
			);
			defaultConfigurationIsVisible = 0;
			defaultConfigurationName = Release;
		};
		EDBEC137241D7A25001D9263 /* Build configuration list for PBXNativeTarget "SignalRClientTests" */ = {
			isa = XCConfigurationList;
			buildConfigurations = (
				EDBEC138241D7A25001D9263 /* Debug */,
				EDBEC139241D7A25001D9263 /* Release */,
			);
			defaultConfigurationIsVisible = 0;
			defaultConfigurationName = Release;
		};
		EDBEC13A241D7A25001D9263 /* Build configuration list for PBXNativeTarget "SignalRClientUITests" */ = {
			isa = XCConfigurationList;
			buildConfigurations = (
				EDBEC13B241D7A25001D9263 /* Debug */,
				EDBEC13C241D7A25001D9263 /* Release */,
			);
			defaultConfigurationIsVisible = 0;
			defaultConfigurationName = Release;
		};
/* End XCConfigurationList section */

/* Begin XCRemoteSwiftPackageReference section */
		ED963276241E35FB003AF2D4 /* XCRemoteSwiftPackageReference "Resolver" */ = {
			isa = XCRemoteSwiftPackageReference;
			repositoryURL = "https://github.com/hmlongco/Resolver.git";
			requirement = {
				kind = upToNextMajorVersion;
				minimumVersion = 1.1.2;
			};
		};
/* End XCRemoteSwiftPackageReference section */

/* Begin XCSwiftPackageProductDependency section */
		ED963277241E35FB003AF2D4 /* Resolver */ = {
			isa = XCSwiftPackageProductDependency;
			package = ED963276241E35FB003AF2D4 /* XCRemoteSwiftPackageReference "Resolver" */;
			productName = Resolver;
		};
/* End XCSwiftPackageProductDependency section */
	};
	rootObject = EDBEC102241D7A23001D9263 /* Project object */;
}
